// !$*UTF8*$!
{
	archiveVersion = 1;
	classes = {
	};
	objectVersion = 56;
	objects = {

/* Begin PBXBuildFile section */
		C3FDD7FA2AC31F0C002A4354 /* HomeView.swift in Sources */ = {isa = PBXBuildFile; fileRef = C3FDD7F92AC31F0C002A4354 /* HomeView.swift */; };
		F3CB1E892AC45DEE0067885A /* hahaha.mp3 in Resources */ = {isa = PBXBuildFile; fileRef = F3CB1E882AC45DEE0067885A /* hahaha.mp3 */; };
		F951FF142AC324B5007039AD /* InfoView.swift in Sources */ = {isa = PBXBuildFile; fileRef = F951FF132AC324B5007039AD /* InfoView.swift */; };
		F9C69BB02ABDC7CA00A97992 /* MapView.swift in Sources */ = {isa = PBXBuildFile; fileRef = F9C69BAF2ABDC7CA00A97992 /* MapView.swift */; };
		FA38B3F72AC3189F0098769A /* LoginView.swift in Sources */ = {isa = PBXBuildFile; fileRef = FA38B3F62AC3189F0098769A /* LoginView.swift */; };
		FC8FEA2A2AB9BAAD00690664 /* RCPappApp.swift in Sources */ = {isa = PBXBuildFile; fileRef = FC8FEA292AB9BAAD00690664 /* RCPappApp.swift */; };
		FC8FEA2C2AB9BAAD00690664 /* ContentView.swift in Sources */ = {isa = PBXBuildFile; fileRef = FC8FEA2B2AB9BAAD00690664 /* ContentView.swift */; };
		FC8FEA2E2AB9BAAE00690664 /* Assets.xcassets in Resources */ = {isa = PBXBuildFile; fileRef = FC8FEA2D2AB9BAAE00690664 /* Assets.xcassets */; };
		FC8FEA312AB9BAAE00690664 /* Preview Assets.xcassets in Resources */ = {isa = PBXBuildFile; fileRef = FC8FEA302AB9BAAE00690664 /* Preview Assets.xcassets */; };
/* End PBXBuildFile section */

/* Begin PBXFileReference section */
		C3FDD7F92AC31F0C002A4354 /* HomeView.swift */ = {isa = PBXFileReference; lastKnownFileType = sourcecode.swift; name = HomeView.swift; path = ../HomeView.swift; sourceTree = "<group>"; };
		F3CB1E882AC45DEE0067885A /* hahaha.mp3 */ = {isa = PBXFileReference; lastKnownFileType = audio.mp3; name = hahaha.mp3; path = ../../../../Downloads/hahaha.mp3; sourceTree = "<group>"; };
		F951FF132AC324B5007039AD /* InfoView.swift */ = {isa = PBXFileReference; lastKnownFileType = sourcecode.swift; path = InfoView.swift; sourceTree = "<group>"; };
		F9C69BAF2ABDC7CA00A97992 /* MapView.swift */ = {isa = PBXFileReference; lastKnownFileType = sourcecode.swift; path = MapView.swift; sourceTree = "<group>"; };
		FA38B3F62AC3189F0098769A /* LoginView.swift */ = {isa = PBXFileReference; lastKnownFileType = sourcecode.swift; path = LoginView.swift; sourceTree = "<group>"; };
		FC8FEA262AB9BAAD00690664 /* RCPapp.app */ = {isa = PBXFileReference; explicitFileType = wrapper.application; includeInIndex = 0; path = RCPapp.app; sourceTree = BUILT_PRODUCTS_DIR; };
		FC8FEA292AB9BAAD00690664 /* RCPappApp.swift */ = {isa = PBXFileReference; lastKnownFileType = sourcecode.swift; path = RCPappApp.swift; sourceTree = "<group>"; };
		FC8FEA2B2AB9BAAD00690664 /* ContentView.swift */ = {isa = PBXFileReference; lastKnownFileType = sourcecode.swift; path = ContentView.swift; sourceTree = "<group>"; };
		FC8FEA2D2AB9BAAE00690664 /* Assets.xcassets */ = {isa = PBXFileReference; lastKnownFileType = folder.assetcatalog; path = Assets.xcassets; sourceTree = "<group>"; };
		FC8FEA302AB9BAAE00690664 /* Preview Assets.xcassets */ = {isa = PBXFileReference; lastKnownFileType = folder.assetcatalog; path = "Preview Assets.xcassets"; sourceTree = "<group>"; };
/* End PBXFileReference section */

/* Begin PBXFrameworksBuildPhase section */
		FC8FEA232AB9BAAD00690664 /* Frameworks */ = {
			isa = PBXFrameworksBuildPhase;
			buildActionMask = 2147483647;
			files = (
			);
			runOnlyForDeploymentPostprocessing = 0;
		};
/* End PBXFrameworksBuildPhase section */

/* Begin PBXGroup section */
		FC8FEA1D2AB9BAAD00690664 = {
			isa = PBXGroup;
			children = (
				FC8FEA282AB9BAAD00690664 /* RCPapp */,
				FC8FEA272AB9BAAD00690664 /* Products */,
			);
			sourceTree = "<group>";
		};
		FC8FEA272AB9BAAD00690664 /* Products */ = {
			isa = PBXGroup;
			children = (
				FC8FEA262AB9BAAD00690664 /* RCPapp.app */,
			);
			name = Products;
			sourceTree = "<group>";
		};
		FC8FEA282AB9BAAD00690664 /* RCPapp */ = {
			isa = PBXGroup;
			children = (
				F3CB1E882AC45DEE0067885A /* hahaha.mp3 */,
				C3FDD7F92AC31F0C002A4354 /* HomeView.swift */,
				FC8FEA292AB9BAAD00690664 /* RCPappApp.swift */,
				F9C69BAF2ABDC7CA00A97992 /* MapView.swift */,
				F951FF132AC324B5007039AD /* InfoView.swift */,
				FC8FEA2B2AB9BAAD00690664 /* ContentView.swift */,
				FC8FEA2D2AB9BAAE00690664 /* Assets.xcassets */,
				FC8FEA2F2AB9BAAE00690664 /* Preview Content */,
				FA38B3F62AC3189F0098769A /* LoginView.swift */,
			);
			path = RCPapp;
			sourceTree = "<group>";
		};
		FC8FEA2F2AB9BAAE00690664 /* Preview Content */ = {
			isa = PBXGroup;
			children = (
				FC8FEA302AB9BAAE00690664 /* Preview Assets.xcassets */,
			);
			path = "Preview Content";
			sourceTree = "<group>";
		};
/* End PBXGroup section */

/* Begin PBXNativeTarget section */
		FC8FEA252AB9BAAD00690664 /* RCPapp */ = {
			isa = PBXNativeTarget;
			buildConfigurationList = FC8FEA342AB9BAAE00690664 /* Build configuration list for PBXNativeTarget "RCPapp" */;
			buildPhases = (
				FC8FEA222AB9BAAD00690664 /* Sources */,
				FC8FEA232AB9BAAD00690664 /* Frameworks */,
				FC8FEA242AB9BAAD00690664 /* Resources */,
			);
			buildRules = (
			);
			dependencies = (
			);
			name = RCPapp;
			productName = RCPapp;
			productReference = FC8FEA262AB9BAAD00690664 /* RCPapp.app */;
			productType = "com.apple.product-type.application";
		};
/* End PBXNativeTarget section */

/* Begin PBXProject section */
		FC8FEA1E2AB9BAAD00690664 /* Project object */ = {
			isa = PBXProject;
			attributes = {
				BuildIndependentTargetsInParallel = 1;
				LastSwiftUpdateCheck = 1420;
				LastUpgradeCheck = 1420;
				TargetAttributes = {
					FC8FEA252AB9BAAD00690664 = {
						CreatedOnToolsVersion = 14.2;
					};
				};
			};
			buildConfigurationList = FC8FEA212AB9BAAD00690664 /* Build configuration list for PBXProject "RCPapp" */;
			compatibilityVersion = "Xcode 14.0";
			developmentRegion = en;
			hasScannedForEncodings = 0;
			knownRegions = (
				en,
				Base,
			);
			mainGroup = FC8FEA1D2AB9BAAD00690664;
			productRefGroup = FC8FEA272AB9BAAD00690664 /* Products */;
			projectDirPath = "";
			projectRoot = "";
			targets = (
				FC8FEA252AB9BAAD00690664 /* RCPapp */,
			);
		};
/* End PBXProject section */

/* Begin PBXResourcesBuildPhase section */
		FC8FEA242AB9BAAD00690664 /* Resources */ = {
			isa = PBXResourcesBuildPhase;
			buildActionMask = 2147483647;
			files = (
				FC8FEA312AB9BAAE00690664 /* Preview Assets.xcassets in Resources */,
				F3CB1E892AC45DEE0067885A /* hahaha.mp3 in Resources */,
				FC8FEA2E2AB9BAAE00690664 /* Assets.xcassets in Resources */,
			);
			runOnlyForDeploymentPostprocessing = 0;
		};
/* End PBXResourcesBuildPhase section */

/* Begin PBXSourcesBuildPhase section */
		FC8FEA222AB9BAAD00690664 /* Sources */ = {
			isa = PBXSourcesBuildPhase;
			buildActionMask = 2147483647;
			files = (
				FC8FEA2C2AB9BAAD00690664 /* ContentView.swift in Sources */,
				F9C69BB02ABDC7CA00A97992 /* MapView.swift in Sources */,
				F951FF142AC324B5007039AD /* InfoView.swift in Sources */,
				FA38B3F72AC3189F0098769A /* LoginView.swift in Sources */,
				C3FDD7FA2AC31F0C002A4354 /* HomeView.swift in Sources */,
				FC8FEA2A2AB9BAAD00690664 /* RCPappApp.swift in Sources */,
			);
			runOnlyForDeploymentPostprocessing = 0;
		};
/* End PBXSourcesBuildPhase section */

/* Begin XCBuildConfiguration section */
		FC8FEA322AB9BAAE00690664 /* Debug */ = {
			isa = XCBuildConfiguration;
			buildSettings = {
				ALWAYS_SEARCH_USER_PATHS = NO;
				CLANG_ANALYZER_NONNULL = YES;
				CLANG_ANALYZER_NUMBER_OBJECT_CONVERSION = YES_AGGRESSIVE;
				CLANG_CXX_LANGUAGE_STANDARD = "gnu++20";
				CLANG_ENABLE_MODULES = YES;
				CLANG_ENABLE_OBJC_ARC = YES;
				CLANG_ENABLE_OBJC_WEAK = YES;
				CLANG_WARN_BLOCK_CAPTURE_AUTORELEASING = YES;
				CLANG_WARN_BOOL_CONVERSION = YES;
				CLANG_WARN_COMMA = YES;
				CLANG_WARN_CONSTANT_CONVERSION = YES;
				CLANG_WARN_DEPRECATED_OBJC_IMPLEMENTATIONS = YES;
				CLANG_WARN_DIRECT_OBJC_ISA_USAGE = YES_ERROR;
				CLANG_WARN_DOCUMENTATION_COMMENTS = YES;
				CLANG_WARN_EMPTY_BODY = YES;
				CLANG_WARN_ENUM_CONVERSION = YES;
				CLANG_WARN_INFINITE_RECURSION = YES;
				CLANG_WARN_INT_CONVERSION = YES;
				CLANG_WARN_NON_LITERAL_NULL_CONVERSION = YES;
				CLANG_WARN_OBJC_IMPLICIT_RETAIN_SELF = YES;
				CLANG_WARN_OBJC_LITERAL_CONVERSION = YES;
				CLANG_WARN_OBJC_ROOT_CLASS = YES_ERROR;
				CLANG_WARN_QUOTED_INCLUDE_IN_FRAMEWORK_HEADER = YES;
				CLANG_WARN_RANGE_LOOP_ANALYSIS = YES;
				CLANG_WARN_STRICT_PROTOTYPES = YES;
				CLANG_WARN_SUSPICIOUS_MOVE = YES;
				CLANG_WARN_UNGUARDED_AVAILABILITY = YES_AGGRESSIVE;
				CLANG_WARN_UNREACHABLE_CODE = YES;
				CLANG_WARN__DUPLICATE_METHOD_MATCH = YES;
				COPY_PHASE_STRIP = NO;
				DEBUG_INFORMATION_FORMAT = dwarf;
				ENABLE_STRICT_OBJC_MSGSEND = YES;
				ENABLE_TESTABILITY = YES;
				GCC_C_LANGUAGE_STANDARD = gnu11;
				GCC_DYNAMIC_NO_PIC = NO;
				GCC_NO_COMMON_BLOCKS = YES;
				GCC_OPTIMIZATION_LEVEL = 0;
				GCC_PREPROCESSOR_DEFINITIONS = (
					"DEBUG=1",
					"$(inherited)",
				);
				GCC_WARN_64_TO_32_BIT_CONVERSION = YES;
				GCC_WARN_ABOUT_RETURN_TYPE = YES_ERROR;
				GCC_WARN_UNDECLARED_SELECTOR = YES;
				GCC_WARN_UNINITIALIZED_AUTOS = YES_AGGRESSIVE;
				GCC_WARN_UNUSED_FUNCTION = YES;
				GCC_WARN_UNUSED_VARIABLE = YES;
				IPHONEOS_DEPLOYMENT_TARGET = 16.2;
				MTL_ENABLE_DEBUG_INFO = INCLUDE_SOURCE;
				MTL_FAST_MATH = YES;
				ONLY_ACTIVE_ARCH = YES;
				SDKROOT = iphoneos;
				SWIFT_ACTIVE_COMPILATION_CONDITIONS = DEBUG;
				SWIFT_OPTIMIZATION_LEVEL = "-Onone";
			};
			name = Debug;
		};
		FC8FEA332AB9BAAE00690664 /* Release */ = {
			isa = XCBuildConfiguration;
			buildSettings = {
				ALWAYS_SEARCH_USER_PATHS = NO;
				CLANG_ANALYZER_NONNULL = YES;
				CLANG_ANALYZER_NUMBER_OBJECT_CONVERSION = YES_AGGRESSIVE;
				CLANG_CXX_LANGUAGE_STANDARD = "gnu++20";
				CLANG_ENABLE_MODULES = YES;
				CLANG_ENABLE_OBJC_ARC = YES;
				CLANG_ENABLE_OBJC_WEAK = YES;
				CLANG_WARN_BLOCK_CAPTURE_AUTORELEASING = YES;
				CLANG_WARN_BOOL_CONVERSION = YES;
				CLANG_WARN_COMMA = YES;
				CLANG_WARN_CONSTANT_CONVERSION = YES;
				CLANG_WARN_DEPRECATED_OBJC_IMPLEMENTATIONS = YES;
				CLANG_WARN_DIRECT_OBJC_ISA_USAGE = YES_ERROR;
				CLANG_WARN_DOCUMENTATION_COMMENTS = YES;
				CLANG_WARN_EMPTY_BODY = YES;
				CLANG_WARN_ENUM_CONVERSION = YES;
				CLANG_WARN_INFINITE_RECURSION = YES;
				CLANG_WARN_INT_CONVERSION = YES;
				CLANG_WARN_NON_LITERAL_NULL_CONVERSION = YES;
				CLANG_WARN_OBJC_IMPLICIT_RETAIN_SELF = YES;
				CLANG_WARN_OBJC_LITERAL_CONVERSION = YES;
				CLANG_WARN_OBJC_ROOT_CLASS = YES_ERROR;
				CLANG_WARN_QUOTED_INCLUDE_IN_FRAMEWORK_HEADER = YES;
				CLANG_WARN_RANGE_LOOP_ANALYSIS = YES;
				CLANG_WARN_STRICT_PROTOTYPES = YES;
				CLANG_WARN_SUSPICIOUS_MOVE = YES;
				CLANG_WARN_UNGUARDED_AVAILABILITY = YES_AGGRESSIVE;
				CLANG_WARN_UNREACHABLE_CODE = YES;
				CLANG_WARN__DUPLICATE_METHOD_MATCH = YES;
				COPY_PHASE_STRIP = NO;
				DEBUG_INFORMATION_FORMAT = "dwarf-with-dsym";
				ENABLE_NS_ASSERTIONS = NO;
				ENABLE_STRICT_OBJC_MSGSEND = YES;
				GCC_C_LANGUAGE_STANDARD = gnu11;
				GCC_NO_COMMON_BLOCKS = YES;
				GCC_WARN_64_TO_32_BIT_CONVERSION = YES;
				GCC_WARN_ABOUT_RETURN_TYPE = YES_ERROR;
				GCC_WARN_UNDECLARED_SELECTOR = YES;
				GCC_WARN_UNINITIALIZED_AUTOS = YES_AGGRESSIVE;
				GCC_WARN_UNUSED_FUNCTION = YES;
				GCC_WARN_UNUSED_VARIABLE = YES;
				IPHONEOS_DEPLOYMENT_TARGET = 16.2;
				MTL_ENABLE_DEBUG_INFO = NO;
				MTL_FAST_MATH = YES;
				SDKROOT = iphoneos;
				SWIFT_COMPILATION_MODE = wholemodule;
				SWIFT_OPTIMIZATION_LEVEL = "-O";
				VALIDATE_PRODUCT = YES;
			};
			name = Release;
		};
		FC8FEA352AB9BAAE00690664 /* Debug */ = {
			isa = XCBuildConfiguration;
			buildSettings = {
				ASSETCATALOG_COMPILER_APPICON_NAME = AppIcon;
				ASSETCATALOG_COMPILER_GLOBAL_ACCENT_COLOR_NAME = AccentColor;
				CODE_SIGN_STYLE = Automatic;
				CURRENT_PROJECT_VERSION = 1;
				DEVELOPMENT_ASSET_PATHS = "\"RCPapp/Preview Content\"";
				ENABLE_PREVIEWS = YES;
				GENERATE_INFOPLIST_FILE = YES;
				INFOPLIST_KEY_UIApplicationSceneManifest_Generation = YES;
				INFOPLIST_KEY_UIApplicationSupportsIndirectInputEvents = YES;
				INFOPLIST_KEY_UILaunchScreen_Generation = YES;
				INFOPLIST_KEY_UISupportedInterfaceOrientations_iPad = "UIInterfaceOrientationPortrait UIInterfaceOrientationPortraitUpsideDown UIInterfaceOrientationLandscapeLeft UIInterfaceOrientationLandscapeRight";
				INFOPLIST_KEY_UISupportedInterfaceOrientations_iPhone = "UIInterfaceOrientationPortrait UIInterfaceOrientationLandscapeLeft UIInterfaceOrientationLandscapeRight";
				LD_RUNPATH_SEARCH_PATHS = (
					"$(inherited)",
					"@executable_path/Frameworks",
				);
				MARKETING_VERSION = 1.0;
				PRODUCT_BUNDLE_IDENTIFIER = lucas.RCPapp;
				PRODUCT_NAME = "$(TARGET_NAME)";
				SWIFT_EMIT_LOC_STRINGS = YES;
				SWIFT_VERSION = 5.0;
				TARGETED_DEVICE_FAMILY = "1,2";
			};
			name = Debug;
		};
		FC8FEA362AB9BAAE00690664 /* Release */ = {
			isa = XCBuildConfiguration;
			buildSettings = {
				ASSETCATALOG_COMPILER_APPICON_NAME = AppIcon;
				ASSETCATALOG_COMPILER_GLOBAL_ACCENT_COLOR_NAME = AccentColor;
				CODE_SIGN_STYLE = Automatic;
				CURRENT_PROJECT_VERSION = 1;
				DEVELOPMENT_ASSET_PATHS = "\"RCPapp/Preview Content\"";
				ENABLE_PREVIEWS = YES;
				GENERATE_INFOPLIST_FILE = YES;
				INFOPLIST_KEY_UIApplicationSceneManifest_Generation = YES;
				INFOPLIST_KEY_UIApplicationSupportsIndirectInputEvents = YES;
				INFOPLIST_KEY_UILaunchScreen_Generation = YES;
				INFOPLIST_KEY_UISupportedInterfaceOrientations_iPad = "UIInterfaceOrientationPortrait UIInterfaceOrientationPortraitUpsideDown UIInterfaceOrientationLandscapeLeft UIInterfaceOrientationLandscapeRight";
				INFOPLIST_KEY_UISupportedInterfaceOrientations_iPhone = "UIInterfaceOrientationPortrait UIInterfaceOrientationLandscapeLeft UIInterfaceOrientationLandscapeRight";
				LD_RUNPATH_SEARCH_PATHS = (
					"$(inherited)",
					"@executable_path/Frameworks",
				);
				MARKETING_VERSION = 1.0;
				PRODUCT_BUNDLE_IDENTIFIER = lucas.RCPapp;
				PRODUCT_NAME = "$(TARGET_NAME)";
				SWIFT_EMIT_LOC_STRINGS = YES;
				SWIFT_VERSION = 5.0;
				TARGETED_DEVICE_FAMILY = "1,2";
			};
			name = Release;
		};
/* End XCBuildConfiguration section */

/* Begin XCConfigurationList section */
		FC8FEA212AB9BAAD00690664 /* Build configuration list for PBXProject "RCPapp" */ = {
			isa = XCConfigurationList;
			buildConfigurations = (
				FC8FEA322AB9BAAE00690664 /* Debug */,
				FC8FEA332AB9BAAE00690664 /* Release */,
			);
			defaultConfigurationIsVisible = 0;
			defaultConfigurationName = Release;
		};
		FC8FEA342AB9BAAE00690664 /* Build configuration list for PBXNativeTarget "RCPapp" */ = {
			isa = XCConfigurationList;
			buildConfigurations = (
				FC8FEA352AB9BAAE00690664 /* Debug */,
				FC8FEA362AB9BAAE00690664 /* Release */,
			);
			defaultConfigurationIsVisible = 0;
			defaultConfigurationName = Release;
		};
/* End XCConfigurationList section */
	};
	rootObject = FC8FEA1E2AB9BAAD00690664 /* Project object */;
}
